# This file is autogenerated, do not edit; changes may be undone by the next 'dep ensure'.


[[projects]]
  digest = "1:a24d4f0bfca235899423e806a033447bb840d48970ecd8e1bc409537d0289c23"
  name = "cloud.google.com/go"
  packages = ["compute/metadata"]
  pruneopts = "NUT"
  revision = "cfe8f6d1fe6976d03af790d7a8b9bf6aa73287bd"
  version = "v0.47.0"

[[projects]]
  branch = "master"
  digest = "1:81f8c061c3d18ed1710957910542bc17d2b789c6cd19e0f654c30b35fd255ca5"
  name = "github.com/Azure/go-ansiterm"
  packages = [
    ".",
    "winterm",
  ]
  pruneopts = "NUT"
  revision = "d6e3b3328b783f23731bc4d058875b0371ff8109"

[[projects]]
  digest = "1:be5b3316ff8129078a24cad2cf2bc13ee37d572bcfca05ce0a15f1e778303377"
  name = "github.com/Azure/go-autorest"
  packages = [
    "autorest",
    "autorest/adal",
    "autorest/azure",
    "autorest/date",
    "logger",
    "tracing",
  ]
  pruneopts = "NUT"
  revision = "3492b2aff5036c67228ab3c7dba3577c871db200"
  version = "v13.3.0"

[[projects]]
  digest = "1:0579669610e7b4268094959686738fce4833e8274793f09df8fe5ab2ff2f5efd"
  name = "github.com/Masterminds/semver"
  packages = ["."]
  pruneopts = "NUT"
  revision = "fe7c21038085e01e67044ec1efe3afb1eaa59f75"
  version = "v3.0.1"

[[projects]]
  digest = "1:4816836c291b7f2a0da7deefa679ef234be8ad845a199ed2e48779234536cefa"
  name = "github.com/Microsoft/go-winio"
  packages = [
    ".",
    "pkg/guid",
  ]
  pruneopts = "NUT"
  revision = "6c72808b55902eae4c5943626030429ff20f3b63"
  version = "v0.4.14"

[[projects]]
  digest = "1:3b7289c340e1043e1b826ba201d4d9ed1eb3ec32a5e8600208ec030afa74f458"
  name = "github.com/Microsoft/hcsshim"
  packages = [
    ".",
    "internal/guestrequest",
    "internal/guid",
    "internal/hcs",
    "internal/hcserror",
    "internal/hns",
    "internal/interop",
    "internal/logfields",
    "internal/longpath",
    "internal/mergemaps",
    "internal/safefile",
    "internal/schema1",
    "internal/schema2",
    "internal/timeout",
    "internal/wclayer",
    "osversion",
  ]
  pruneopts = "NUT"
  revision = "f92b8fb9c92e17da496af5a69e3ee13fbe9916e1"
  version = "v0.8.6"

[[projects]]
  digest = "1:06ba0f52b4fee64f54be7583d668feb330cebbbf6eb537287878b3e188ec5640"
  name = "github.com/PaesslerAG/gval"
  packages = ["."]
  pruneopts = "NUT"
  revision = "0ce847fc5e6163ee05ae770a441ba497fc77dcaa"
  version = "v1.0.1"

[[projects]]
  digest = "1:a4bb1187c0770b3f32a9987ecd3cb306998e17dae391d371457621f17651068e"
  name = "github.com/PaesslerAG/jsonpath"
  packages = ["."]
  pruneopts = "NUT"
  revision = "c18d0f043db32b5d4295e14c6518fa9160e45d15"
  version = "0.1.1"

[[projects]]
  digest = "1:d043e5ae59276188d876090c261c311e146792c0908e08e67e766b1020a72d00"
  name = "github.com/PuerkitoBio/goquery"
  packages = ["."]
  pruneopts = "NUT"
  revision = "2d2796f41742ece03e8086188fa4db16a3a0b458"
  version = "v1.5.0"

[[projects]]
  branch = "master"
  digest = "1:47ea4fbe2ab4aeb9808502c51e657041c2e49b36b83fc1c1a349135cdf16342f"
  name = "github.com/agl/ed25519"
  packages = [
    ".",
    "edwards25519",
  ]
  pruneopts = "NUT"
  revision = "5312a61534124124185d41f09206b9fef1d88403"

[[projects]]
  digest = "1:842cb0d63b72c706720705da74146ae05fbf456198e1746de91f2d2227635866"
  name = "github.com/andybalholm/cascadia"
  packages = ["."]
  pruneopts = "NUT"
  revision = "b69f6c92dfc187ebfe3914df716c2647a3af0ba0"
  version = "v1.1.0"

[[projects]]
  digest = "1:707ebe952a8b3d00b343c01536c79c73771d100f63ec6babeaed5c79e2b8a8dd"
  name = "github.com/beorn7/perks"
  packages = ["quantile"]
  pruneopts = "NUT"
  revision = "37c8de3658fcb183f997c4e13e8337516ab753e6"
  version = "v1.0.1"

[[projects]]
  digest = "1:b229b8cc1731eb4bc227fd1447d1bbbe453ac5b17d32b27a4b51493d787d74b5"
  name = "github.com/carolynvs/datetime-printer"
  packages = ["."]
  pruneopts = "NUT"
  revision = "916b2f2f2e4884932d9d90268ceffc1af7c3ddb7"
  version = "v0.2.0"

[[projects]]
  digest = "1:a8e5037a4d69c6ad7f36cc3ef3202c04eaaba0ef0fab1d960affc6452a8edf25"
  name = "github.com/cbroglie/mustache"
  packages = ["."]
  pruneopts = "NUT"
  revision = "eb931a9d20042e51d8a3a9ad5a9ba9bc8282c564"
  version = "v1.0.1"

[[projects]]
  digest = "1:c49de5cf156ec231cb89c1415aff5ffe858e316486629de5d7f642007f1da146"
  name = "github.com/containerd/containerd"
  packages = [
    ".",
    "api/services/containers/v1",
    "api/services/content/v1",
    "api/services/diff/v1",
    "api/services/events/v1",
    "api/services/images/v1",
    "api/services/introspection/v1",
    "api/services/leases/v1",
    "api/services/namespaces/v1",
    "api/services/snapshots/v1",
    "api/services/tasks/v1",
    "api/services/version/v1",
    "api/types",
    "api/types/task",
    "archive",
    "archive/compression",
    "cio",
    "containers",
    "content",
    "content/proxy",
    "defaults",
    "diff",
    "errdefs",
    "events",
    "events/exchange",
    "filters",
    "identifiers",
    "images",
    "images/archive",
    "labels",
    "leases",
    "leases/proxy",
    "log",
    "mount",
    "namespaces",
    "oci",
    "pkg/dialer",
    "platforms",
    "plugin",
    "reference",
    "remotes",
    "remotes/docker",
    "remotes/docker/schema1",
    "rootfs",
    "runtime/linux/runctypes",
    "runtime/v2/runc/options",
    "snapshots",
    "snapshots/proxy",
    "sys",
    "version",
  ]
  pruneopts = "NUT"
  revision = "36cf5b690dcc00ff0f34ff7799209050c3d0c59a"
  version = "v1.3.0"

[[projects]]
  branch = "master"
  digest = "1:9c69e5f6209ff02002a9f1d111c7cbff2059d7e108b9282d4ac56ef943662797"
  name = "github.com/containerd/continuity"
  packages = [
    "fs",
    "syscallx",
    "sysx",
  ]
  pruneopts = "NUT"
  revision = "75bee3e2ccb6402e3a986ab8bd3b17003fc0fdec"

[[projects]]
  branch = "master"
  digest = "1:9a87ea612e99f30ce7497cd9bae3456a9d8f16bb704024c3fd0a819cabd6b0fb"
  name = "github.com/containerd/fifo"
  packages = ["."]
  pruneopts = "NUT"
  revision = "bda0ff6ed73c67bfb5e62bc9c697f146b7fd7f13"

[[projects]]
  branch = "master"
  digest = "1:eb5fb97306cdb4c742502554fbb87d4318d2ca9b749aac48d4374eb9f8261929"
  name = "github.com/containerd/ttrpc"
  packages = ["."]
  pruneopts = "NUT"
  revision = "4f1b8fe65a5c6ab7ecd74a227d6cde85b519af35"

[[projects]]
  branch = "master"
  digest = "1:f9c59daa1efe62e53fd728e45fc24f622039bc4681b663f33c8015cc1c853594"
  name = "github.com/containerd/typeurl"
  packages = ["."]
  pruneopts = "NUT"
  revision = "5eb25027c9fdd675e1db2bd25af02f5db75027ab"

[[projects]]
  digest = "1:7cb4fdca4c251b3ef8027c90ea35f70c7b661a593b9eeae34753c65499098bb1"
  name = "github.com/cpuguy83/go-md2man"
  packages = ["md2man"]
  pruneopts = "NUT"
  revision = "7762f7e404f8416dfa1d9bb6a8c192aa9acb4d19"
  version = "v1.0.10"

[[projects]]
  digest = "1:ffe9824d294da03b391f44e1ae8281281b4afc1bdaa9588c9097785e3af10cec"
  name = "github.com/davecgh/go-spew"
  packages = ["spew"]
  pruneopts = "NUT"
  revision = "8991bc29aa16c548c550c7ff78260e27b9ab7c73"
  version = "v1.1.1"

[[projects]]
  branch = "deps"
  digest = "1:b4dba577c142a6077b29367af51e56910ae6ca07ec4b02fd7cc051e7fefb5315"
  name = "github.com/deislabs/cnab-go"
  packages = [
    "action",
    "bundle",
    "bundle/definition",
    "bundle/loader",
    "claim",
    "credentials",
    "driver",
    "driver/command",
    "driver/docker",
    "driver/kubernetes",
    "driver/lookup",
    "imagestore",
    "imagestore/construction",
    "imagestore/ocilayout",
    "imagestore/remote",
    "packager",
    "utils/crud",
  ]
  pruneopts = "NT"
  revision = "c3b07b77db3addbbc5cfa1ed718d3510bac1d452"
  source = "github.com/radu-matei/cnab-go"

[[projects]]
  digest = "1:7a6852b35eb5bbc184561443762d225116ae630c26a7c4d90546619f1e7d2ad2"
  name = "github.com/dgrijalva/jwt-go"
  packages = ["."]
  pruneopts = "NUT"
  revision = "06ea1031745cb8b3dab3f6a236daf2b0aa468b7e"
  version = "v3.2.0"

[[projects]]
  digest = "1:d71c5cf14729255cc02551b1120113e73b62fa786849f416c4d326f717d6714a"
  name = "github.com/docker/cli"
  packages = [
    "cli/command",
    "cli/config",
    "cli/config/configfile",
    "cli/config/credentials",
    "cli/config/types",
    "cli/connhelper",
    "cli/connhelper/commandconn",
    "cli/connhelper/ssh",
    "cli/context",
    "cli/context/docker",
    "cli/context/store",
    "cli/debug",
    "cli/flags",
    "cli/manifest/store",
    "cli/manifest/types",
    "cli/registry/client",
    "cli/streams",
    "cli/trust",
    "cli/version",
    "internal/containerizedengine",
    "internal/versions",
    "opts",
    "types",
  ]
  pruneopts = "NUT"
  revision = "2355349d8b99ea2c15bbdd7f1f203fa078e9bb4e"
  version = "v19.03.4"

[[projects]]
  digest = "1:3314fe819a33c59d1d8c25b35297da7d3137dadef098699e087c50be3ecdd867"
  name = "github.com/docker/cnab-to-oci"
  packages = [
    "converter",
    "internal",
    "relocation",
    "remotes",
  ]
  pruneopts = "NUT"
  revision = "5a97c84cb618aae63d98e5fb29b3116fbb01d358"
  version = "v0.3.0-beta1"

[[projects]]
  digest = "1:6aaa327d230ad3529bda05306c31ba73b6550b1f4b45cee52788eb3da53f9d82"
  name = "github.com/docker/compose-on-kubernetes"
  packages = ["."]
  pruneopts = "NUT"
  revision = "c8257fb7e45a5ee9a0ced6e0baccb47e44df45b9"
  version = "v0.4.24"

[[projects]]
  digest = "1:a4fe79e011d5a076e0d1cd4817465923388197bd09f9f92e973b8831427be1fa"
  name = "github.com/docker/distribution"
  packages = [
    ".",
    "digestset",
    "manifest",
    "manifest/manifestlist",
    "manifest/schema2",
    "metrics",
    "reference",
    "registry/api/errcode",
    "registry/api/v2",
    "registry/client",
    "registry/client/auth",
    "registry/client/auth/challenge",
    "registry/client/transport",
    "registry/storage/cache",
    "registry/storage/cache/memory",
    "uuid",
  ]
  pruneopts = "NUT"
  revision = "0d3efadf0154c2b8a4e7b6621fff9809655cc580"

[[projects]]
  branch = "master"
  digest = "1:6202495b2d3bb990f58abd90cca2c13da17925a359b5aa07fe65ce8238756868"
  name = "github.com/docker/docker"
  packages = [
    "api",
    "api/types",
    "api/types/blkiodev",
    "api/types/container",
    "api/types/events",
    "api/types/filters",
    "api/types/image",
    "api/types/mount",
    "api/types/network",
    "api/types/registry",
    "api/types/strslice",
    "api/types/swarm",
    "api/types/swarm/runtime",
    "api/types/time",
    "api/types/versions",
    "api/types/volume",
    "client",
    "errdefs",
    "pkg/archive",
    "pkg/fileutils",
    "pkg/homedir",
    "pkg/idtools",
    "pkg/ioutils",
    "pkg/jsonmessage",
    "pkg/longpath",
    "pkg/mount",
    "pkg/pools",
    "pkg/stdcopy",
    "pkg/stringid",
    "pkg/system",
    "pkg/tarsum",
    "pkg/term",
    "pkg/term/windows",
    "registry",
    "registry/resumable",
  ]
  pruneopts = "NUT"
  revision = "9e7d5ac5ea55dc57185f49476e03d6efa76b3512"

[[projects]]
  digest = "1:9f3f49b4e32d3da2dd6ed07cc568627b53cc80205c0dcf69f4091f027416cb60"
  name = "github.com/docker/docker-credential-helpers"
  packages = [
    "client",
    "credentials",
  ]
  pruneopts = "NUT"
  revision = "54f0238b6bf101fc3ad3b34114cb5520beb562f5"
  version = "v0.6.3"

[[projects]]
  digest = "1:44fd27d0559326eb63ee0b7b5c80832c821761ff6d1b9cc4ad075783485a5837"
  name = "github.com/docker/go"
  packages = ["canonical/json"]
  pruneopts = "NUT"
  revision = "62e5ec7cf43f795986ec658df7cb317255772993"
  version = "v1.5.1-1"

[[projects]]
  digest = "1:2a47f7eb1a2c30428d1ee6808cb66d4deb17e68a3e55d696f03c8068552ba5e8"
  name = "github.com/docker/go-connections"
  packages = [
    "nat",
    "sockets",
    "tlsconfig",
  ]
  pruneopts = "NUT"
  revision = "7395e3f8aa162843a74ed6d48e79627d9792ac55"
  version = "v0.4.0"

[[projects]]
  branch = "master"
  digest = "1:627145eb2e4901af1b7814bc1512b87feeebdfb1746a6bca00789c1a99a61295"
  name = "github.com/docker/go-events"
  packages = ["."]
  pruneopts = "NUT"
  revision = "e31b211e4f1cd09aa76fe4ac244571fab96ae47f"

[[projects]]
  digest = "1:c49ecccb8abda39a5a48a99267d6abfdf37f59f1c7fdbcbe04b3b9afc3ab625d"
  name = "github.com/docker/go-metrics"
  packages = ["."]
  pruneopts = "NUT"
  revision = "b619b3592b65de4f087d9f16863a7e6ff905973c"
  version = "v0.0.1"

[[projects]]
  digest = "1:97176fe8a268479a527d08df458c269dc27abf59c1643807d4e36398cbd9ef2d"
  name = "github.com/docker/go-units"
  packages = ["."]
  pruneopts = "NUT"
  revision = "519db1ee28dcc9fd2474ae59fca29a810482bfb1"
  version = "v0.4.0"

[[projects]]
  digest = "1:b7ffca49e9cfd3dfb04a8e0a59347708c6f78f68476a32c5e0a0edca5d1b258c"
  name = "github.com/dustin/go-humanize"
  packages = ["."]
  pruneopts = "NUT"
  revision = "9f541cc9db5d55bce703bd99987c9d5cb8eea45e"
  version = "v1.0.0"

[[projects]]
  digest = "1:1b91ae0dc69a41d4c2ed23ea5cffb721ea63f5037ca4b81e6d6771fbb8f45129"
  name = "github.com/fsnotify/fsnotify"
  packages = ["."]
  pruneopts = "NUT"
  revision = "c2828203cd70a50dcccfb2761f8b1f8ceef9a8e9"
  version = "v1.4.7"

[[projects]]
  digest = "1:81466b4218bf6adddac2572a30ac733a9255919bc2f470b4827a317bd4ee1756"
  name = "github.com/ghodss/yaml"
  packages = ["."]
  pruneopts = "NUT"
  revision = "0ca9ea5df5451ffdf184b4428c902747c2c11cd7"
  version = "v1.0.0"

[[projects]]
  branch = "master"
  digest = "1:6be8997d410d48dd045a8c18ee25e59ebfaeb9aa502c240b0d8ad9bb3e3fdd4f"
  name = "github.com/globalsign/mgo"
  packages = [
    ".",
    "bson",
    "internal/json",
    "internal/sasl",
    "internal/scram",
  ]
  pruneopts = "NUT"
  revision = "eeefdecb41b842af6dc652aaea4026e8403e62df"

[[projects]]
  digest = "1:fcd8ddc48ce648d5fbb36029fe3dd98f29c03377eea5c4a3c436701b0e3f2774"
  name = "github.com/gobuffalo/envy"
  packages = ["."]
  pruneopts = "NUT"
  revision = "909ea676d4c90832fefbf55a5a4fb04d8bef8931"
  version = "v1.7.1"

[[projects]]
  digest = "1:71323bc250d3298f392b8482e9a3b88bcfd61436462a305297ff39862435f612"
  name = "github.com/gobuffalo/logger"
  packages = ["."]
  pruneopts = "NUT"
  revision = "7c291b53e05b81d77bd43109b4a3c6f84e45c8e1"
  version = "v1.0.1"

[[projects]]
  digest = "1:aeb8d51f4224133eb54a81ee7963a39fb9154819fa912ef4b1f4f34bc3a1fd66"
  name = "github.com/gobuffalo/packd"
  packages = [
    ".",
    "internal/takeon/github.com/markbates/errx",
  ]
  pruneopts = "NUT"
  revision = "54ea459691466cfb630ccc276723fe3963f3e9d5"
  version = "v0.3.0"

[[projects]]
  digest = "1:fc84d95729a22800729006126bb245702ef2934b3a48b6f6931abd70ace2f5ef"
  name = "github.com/gobuffalo/packr"
  packages = [
    "v2",
    "v2/file",
    "v2/file/resolver",
    "v2/file/resolver/encoding/hex",
    "v2/internal/takeon/github.com/karrick/godirwalk",
    "v2/internal/takeon/github.com/markbates/errx",
    "v2/internal/takeon/github.com/markbates/oncer",
    "v2/internal/takeon/github.com/markbates/safe",
    "v2/jam/parser",
    "v2/plog",
  ]
  pruneopts = "NUT"
  revision = "4b4a3c432a2e5a17b4f14c971179b40021c67530"
  version = "v2.7.1"

[[projects]]
  digest = "1:0f4a47cf21b04a44018f797e07d9138f07cc270cd19c79e187db81bce1b0ee28"
  name = "github.com/gogo/googleapis"
  packages = ["google/rpc"]
  pruneopts = "NUT"
  revision = "0cd1026ed3d2e6809dc241eff2e2163ec715d38e"
  version = "v1.3.0"

[[projects]]
  digest = "1:5c012e62ceb7064aca8847f6e568c82df88c88a5747da6909af1621ad925208d"
  name = "github.com/gogo/protobuf"
  packages = [
    "proto",
    "sortkeys",
    "types",
  ]
  pruneopts = "NUT"
  revision = "5628607bb4c51c3157aacc3a50f0ab707582b805"
  version = "v1.3.1"

[[projects]]
  digest = "1:796f9c63c68774a89eade387a8476e45ec2b34f5649b0726983204202c3649d6"
  name = "github.com/golang/protobuf"
  packages = [
    "proto",
    "ptypes",
    "ptypes/any",
    "ptypes/duration",
    "ptypes/timestamp",
  ]
  pruneopts = "NUT"
  revision = "6c65a5562fc06764971b7c5d05c76c75e84bdbf7"
  version = "v1.3.2"

[[projects]]
  digest = "1:be7d86b2603792b04fe86df2b308a15d899f3d4ef717cf959fa762cf7f1ae224"
  name = "github.com/google/go-containerregistry"
  packages = [
    "pkg/authn",
    "pkg/crane",
    "pkg/internal/retry",
    "pkg/logs",
    "pkg/name",
    "pkg/v1",
    "pkg/v1/empty",
    "pkg/v1/layout",
    "pkg/v1/mutate",
    "pkg/v1/partial",
    "pkg/v1/random",
    "pkg/v1/remote",
    "pkg/v1/remote/transport",
    "pkg/v1/stream",
    "pkg/v1/tarball",
    "pkg/v1/types",
    "pkg/v1/v1util",
  ]
  pruneopts = "NUT"
  revision = "ef12d49c8daf6a6d72978966d5945e39bb898b4a"

[[projects]]
  digest = "1:52c5834e2bebac9030c97cc0798ac11c3aa8a39f098aeb419f142533da6cd3cc"
  name = "github.com/google/gofuzz"
  packages = ["."]
  pruneopts = "NUT"
  revision = "f140a6486e521aad38f5917de355cbf147cc0496"
  version = "v1.0.0"

[[projects]]
  digest = "1:2e82078934c32e8c2e71b50f579a14a654f1c198c77e4254cc76f329e9bbaa5a"
  name = "github.com/gophercloud/gophercloud"
  packages = [
    ".",
    "openstack",
    "openstack/identity/v2/tenants",
    "openstack/identity/v2/tokens",
    "openstack/identity/v3/tokens",
    "openstack/utils",
    "pagination",
  ]
  pruneopts = "NUT"
  revision = "a8bdb516e71d7c586306501b30b80f06f53c013e"
  version = "v0.6.0"

[[projects]]
  digest = "1:3c8c26bb118e3f02230d4f5f30b972dbfe0c6b371acea8f190aa99ceaaae7028"
  name = "github.com/gorilla/mux"
  packages = ["."]
  pruneopts = "NUT"
  revision = "00bdffe0f3c77e27d2cf6f5c70232a2d3e4d9c15"
  version = "v1.7.3"

[[projects]]
  digest = "1:f0d9d74edbd40fdeada436d5ac9cb5197407899af3fef85ff0137077ffe8ae19"
  name = "github.com/hashicorp/errwrap"
  packages = ["."]
  pruneopts = "NUT"
  revision = "8a6fb523712970c966eefc6b39ed2c5e74880354"
  version = "v1.0.0"

[[projects]]
  digest = "1:2d5c50fd90deb2a3f75e344a2363b675999726f8c6ca9d23821ef3caa1e7948e"
  name = "github.com/hashicorp/go-hclog"
  packages = ["."]
  pruneopts = "NUT"
  revision = "5ccdce08c75b6c7b37af61159f13f6a4f5e2e928"
  version = "v0.9.2"

[[projects]]
  digest = "1:2ed138049ab373f696db2081ca48f15c5abdf20893803612a284f2bdce2bf443"
  name = "github.com/hashicorp/go-multierror"
  packages = ["."]
  pruneopts = "NUT"
  revision = "886a7fbe3eb1c874d46f623bfa70af45f425b3d1"
  version = "v1.0.0"

[[projects]]
  branch = "accept-stdin"
  digest = "1:535b4f1b7046b12945da669da70f70ae9d9555d7ea9152e63569e4870b642512"
  name = "github.com/hashicorp/go-plugin"
  packages = [
    ".",
    "internal/plugin",
  ]
  pruneopts = "NUT"
  revision = "e4a381f9f43e555884be6457e74af0c1ac7a79ee"
  source = "github.com/carolynvs/go-plugin"

[[projects]]
  digest = "1:53a4ebb0e1eb24a4644a3eec9457ba6ead5476a9ea5af43bf2c8b8b1a8ce47f2"
  name = "github.com/hashicorp/go-version"
  packages = ["."]
  pruneopts = "NUT"
  revision = "ac23dc3fea5d1a983c43f6a0f6e2c13f0195d8bd"
  version = "v1.2.0"

[[projects]]
  digest = "1:11c6c696067d3127ecf332b10f89394d386d9083f82baf71f40f2da31841a009"
  name = "github.com/hashicorp/hcl"
  packages = [
    ".",
    "hcl/ast",
    "hcl/parser",
    "hcl/printer",
    "hcl/scanner",
    "hcl/strconv",
    "hcl/token",
    "json/parser",
    "json/scanner",
    "json/token",
  ]
  pruneopts = "NUT"
  revision = "8cb6e5b959231cc1119e43259c4a608f9c51a241"
  version = "v1.0.0"

[[projects]]
  branch = "master"
  digest = "1:26f63172b8c0484ef9805697291cecd0ea265fbbe088bfeb90fda646d66ba208"
  name = "github.com/hashicorp/yamux"
  packages = ["."]
  pruneopts = "NUT"
  revision = "df201c70410deac145ff09e1126f3f8834ead1ec"

[[projects]]
  digest = "1:7c47a990a91ab4922f4009c8ba8dcf35dad08e2b697cf26ea87eaae90e3f7aa1"
  name = "github.com/imdario/mergo"
  packages = ["."]
  pruneopts = "NUT"
  revision = "1afb36080aec31e0d1528973ebe6721b191b0369"
  version = "v0.3.8"

[[projects]]
  digest = "1:406338ad39ab2e37b7f4452906442a3dbf0eb3379dd1f06aafb5c07e769a5fbb"
  name = "github.com/inconshreveable/mousetrap"
  packages = ["."]
  pruneopts = "NUT"
  revision = "76626ae9c91c4f2a10f34cad8ce83ea42c93bb75"
  version = "v1.0"

[[projects]]
  digest = "1:da62aa6632d04e080b8a8b85a59ed9ed1550842a0099a55f3ae3a20d02a3745a"
  name = "github.com/joho/godotenv"
  packages = ["."]
  pruneopts = "NUT"
  revision = "23d116af351c84513e1946b527c88823e476be13"
  version = "v1.3.0"

[[projects]]
  digest = "1:996dd5b4e2def9c256d4aa732db9a2d16d00a5eaf264139fa4bce5a4d2dc5fde"
  name = "github.com/json-iterator/go"
  packages = ["."]
  pruneopts = "NUT"
  revision = "03217c3e97663914aec3faafde50d081f197a0a2"
  version = "v1.1.8"

[[projects]]
  branch = "master"
  digest = "1:cf68a79fd02ab0f6942b9567d03d054b6568212fcc22de2a4afdefd096923749"
  name = "github.com/kballard/go-shellquote"
  packages = ["."]
  pruneopts = "NUT"
  revision = "95032a82bc518f77982ea72343cc1ade730072f0"

[[projects]]
  digest = "1:58999a98719fddbac6303cb17e8d85b945f60b72f48e3a2df6b950b97fa926f1"
  name = "github.com/konsorten/go-windows-terminal-sequences"
  packages = ["."]
  pruneopts = "NUT"
  revision = "f55edac94c9bbba5d6182a4be46d86a2c9b5b50e"
  version = "v1.0.2"

[[projects]]
  digest = "1:802689c84994b7f2e41ffe7e39d29a8d8227f2121938dc025db44dfaa9633b15"
  name = "github.com/magiconair/properties"
  packages = ["."]
  pruneopts = "NUT"
  revision = "de8848e004dd33dc07a2947b3d76f618a7fc7ef1"
  version = "v1.8.1"

[[projects]]
  digest = "1:bced2617aac935b7931d43bdd5fd5ef3eacbb52291c61e423afe8037f6dd95f9"
  name = "github.com/mattn/go-colorable"
  packages = ["."]
  pruneopts = "NUT"
  revision = "98ec13f34aabf44cc914c65a1cfb7b9bc815aef1"
  version = "v0.1.4"

[[projects]]
  digest = "1:f70baa68d82763379f5d039daca4a568d2246beec2dde096f756aa4768cfb786"
  name = "github.com/mattn/go-isatty"
  packages = ["."]
  pruneopts = "NUT"
  revision = "88ba11cfdc67c7588b30042edf244b2875f892b6"
  version = "v0.0.10"

[[projects]]
  digest = "1:8d03aa0c3b2fe8f3a6f45e44628e121ed4f90d70ef375a531f04f3e71931b1ae"
  name = "github.com/mattn/go-runewidth"
  packages = ["."]
  pruneopts = "NUT"
  revision = "9d4e0701ab53d89eeb2f46b282d1cd71f458f0bf"
  version = "v0.0.5"

[[projects]]
  digest = "1:5985ef4caf91ece5d54817c11ea25f182697534f8ae6521eadcd628c142ac4b6"
  name = "github.com/matttproud/golang_protobuf_extensions"
  packages = ["pbutil"]
  pruneopts = "NUT"
  revision = "c12348ce28de40eed0136aa2b644d0ee0650e56c"
  version = "v1.0.1"

[[projects]]
  branch = "master"
  digest = "1:063d55b87e200bced5e2be658cc70acafb4c5bbc4afa04d4b82f66298b73d089"
  name = "github.com/mgutz/ansi"
  packages = ["."]
  pruneopts = "NUT"
  revision = "9520e82c474b0a04dd04f8a40959027271bab992"

[[projects]]
  digest = "1:d239a90a19b0e8f2b6f4d9515a8f8e7b2ccdc61c43fe2c9f57cd3fc3d6eee939"
  name = "github.com/miekg/pkcs11"
  packages = ["."]
  pruneopts = "NUT"
  revision = "210dc1e16747c5ba98a03bcbcf728c38086ea357"
  version = "v1.0.3"

[[projects]]
  digest = "1:18b773b92ac82a451c1276bd2776c1e55ce057ee202691ab33c8d6690efcc048"
  name = "github.com/mitchellh/go-testing-interface"
  packages = ["."]
  pruneopts = "NUT"
  revision = "6d0b8010fcc857872e42fc6c931227569016843c"
  version = "v1.0.0"

[[projects]]
  digest = "1:a45ae66dea4c899d79fceb116accfa1892105c251f0dcd9a217ddc276b42ec68"
  name = "github.com/mitchellh/mapstructure"
  packages = ["."]
  pruneopts = "NUT"
  revision = "3536a929edddb9a5b34bd6861dc4a9647cb459fe"
  version = "v1.1.2"

[[projects]]
  digest = "1:3ccad4d009443c040011dafc1c10598117ce59141b27e9e9ea8997b3f5d9f6aa"
  name = "github.com/mmcdole/gofeed"
  packages = [
    "atom",
    "extensions",
    "internal/shared",
  ]
  pruneopts = "NUT"
  revision = "42010a154d249f5f753dfe03a6390b59671e403e"
  version = "v1.0.0-beta2"

[[projects]]
  branch = "master"
  digest = "1:0668ee7d9d42dcf7c3b1f53b09157db54ea773c0f62fda3f8bd5595402771b70"
  name = "github.com/mmcdole/goxpp"
  packages = ["."]
  pruneopts = "NUT"
  revision = "0068e33feabfc0086c7aeb58a9603f91c061c89f"

[[projects]]
  digest = "1:2f42fa12d6911c7b7659738758631bec870b7e9b4c6be5444f963cdcfccc191f"
  name = "github.com/modern-go/concurrent"
  packages = ["."]
  pruneopts = "NUT"
  revision = "bacd9c7ef1dd9b15be4a9909b8ac7a4e313eec94"
  version = "1.0.3"

[[projects]]
  digest = "1:c6aca19413b13dc59c220ad7430329e2ec454cc310bc6d8de2c7e2b93c18a0f6"
  name = "github.com/modern-go/reflect2"
  packages = ["."]
  pruneopts = "NUT"
  revision = "4b7aa43c6742a2c18fdef89dd197aaae7dac7ccd"
  version = "1.0.1"

[[projects]]
  digest = "1:946bf1e858c4884cc82907463b0579dfd3b84e1b541bd49808d2bcfcb9452be0"
  name = "github.com/morikuni/aec"
  packages = ["."]
  pruneopts = "NUT"
  revision = "39771216ff4c63d11f5e604076f9c45e8be1067b"
  version = "v1.0.0"

[[projects]]
  digest = "1:3b517122f3aad1ecce45a630ea912b3092b4729f25532a911d0cb2935a1f9352"
  name = "github.com/oklog/run"
  packages = ["."]
  pruneopts = "NUT"
  revision = "4dadeb3030eda0273a12382bb2348ffc7c9d1a39"
  version = "v1.0.0"

[[projects]]
  digest = "1:f2052f4354e87a0ce0b16b55586b8d34d502d164d56d5d4397afae37f3330c42"
  name = "github.com/oklog/ulid"
  packages = ["."]
  pruneopts = "NUT"
  revision = "be3bccf06dda9a40aa6800c4736ac77f2fef987f"
  version = "v2.0.2"

[[projects]]
  digest = "1:a37f6e86e990987d8b1b7642dd1b9763d914cb9bc862d493bae7b53158ac4b27"
  name = "github.com/olekukonko/tablewriter"
  packages = ["."]
  pruneopts = "NUT"
  revision = "e6d60cf7ba1f42d86d54cdf5508611c4aafb3970"
  version = "v0.0.1"

[[projects]]
  digest = "1:e0cc8395ea893c898ff5eb0850f4d9851c1f57c78c232304a026379a47a552d0"
  name = "github.com/opencontainers/go-digest"
  packages = ["."]
  pruneopts = "NUT"
  revision = "279bed98673dd5bef374d3b6e4b09e2af76183bf"
  version = "v1.0.0-rc1"

[[projects]]
  digest = "1:70711188c19c53147099d106169d6a81941ed5c2658651432de564a7d60fd288"
  name = "github.com/opencontainers/image-spec"
  packages = [
    "identity",
    "specs-go",
    "specs-go/v1",
  ]
  pruneopts = "NUT"
  revision = "d60099175f88c47cd379c4738d158884749ed235"
  version = "v1.0.1"

[[projects]]
  digest = "1:ea8780346eba74e5eb3e8b6bded2ec46c1c81cd745bc00e9964b730955bf4252"
  name = "github.com/opencontainers/runc"
  packages = [
    "libcontainer/system",
    "libcontainer/user",
  ]
  pruneopts = "NUT"
  revision = "baf6536d6259209c3edfa2b22237af82942d3dfa"
  version = "v0.1.1"

[[projects]]
  digest = "1:57234a321bf1f8f98a8a9a5122a2404cc60d0800516f4ab7a7b2375e4b2d19ea"
  name = "github.com/opencontainers/runtime-spec"
  packages = ["specs-go"]
  pruneopts = "NUT"
  revision = "4e3b9264a330d094b0386c3703c5f379119711e8"
  version = "v1.0.1"

[[projects]]
  digest = "1:efec7b15c9f6f20c96a5710fea5d946aabf13018d9e2d2c50a4746f850514f9d"
  name = "github.com/pelletier/go-toml"
  packages = ["."]
  pruneopts = "NUT"
  revision = "903d9455db9ff1d7ac1ab199062eca7266dd11a3"
  version = "v1.6.0"

[[projects]]
  digest = "1:0d98efc9111a57afe126596319170bab408167849096ff6b08752d33e41fb677"
  name = "github.com/pivotal/image-relocation"
  packages = [
    "pkg/image",
    "pkg/registry",
    "pkg/registry/ggcr",
    "pkg/registry/ggcr/path",
  ]
  pruneopts = "NUT"
  revision = "2212ca418359e787b3261a3b8e435a5a8d50c7e2"
  version = "v0.6"

[[projects]]
  digest = "1:14715f705ff5dfe0ffd6571d7d201dd8e921030f8070321a79380d8ca4ec1a24"
  name = "github.com/pkg/errors"
  packages = ["."]
  pruneopts = "NUT"
  revision = "ba968bfe8b2f7e042a574c888954fccecfa385b4"
  version = "v0.8.1"

[[projects]]
  digest = "1:0028cb19b2e4c3112225cd871870f2d9cf49b9b4276531f03438a88e94be86fe"
  name = "github.com/pmezard/go-difflib"
  packages = ["difflib"]
  pruneopts = "NUT"
  revision = "792786c7400a136282c1664665ae0a8db921c6c2"
  version = "v1.0.0"

[[projects]]
  digest = "1:097cc61836050f45cbb712ae3bb45d66fba464c16b8fac09907fa3c1f753eff6"
  name = "github.com/prometheus/client_golang"
  packages = [
    "prometheus",
    "prometheus/internal",
    "prometheus/promhttp",
  ]
  pruneopts = "NUT"
  revision = "170205fb58decfd011f1550d4cfb737230d7ae4f"
  version = "v1.1.0"

[[projects]]
  branch = "master"
  digest = "1:2d5cd61daa5565187e1d96bae64dbbc6080dacf741448e9629c64fd93203b0d4"
  name = "github.com/prometheus/client_model"
  packages = ["go"]
  pruneopts = "NUT"
  revision = "14fe0d1b01d4d5fc031dd4bec1823bd3ebbe8016"

[[projects]]
  digest = "1:98278956c7c550efc75a027e528aa51743f06fd0e33613d7ed224432a11e5ecf"
  name = "github.com/prometheus/common"
  packages = [
    "expfmt",
    "internal/bitbucket.org/ww/goautoneg",
    "model",
  ]
  pruneopts = "NUT"
  revision = "287d3e634a1e550c9e463dd7e5a75a422c614505"
  version = "v0.7.0"

[[projects]]
  digest = "1:bbbacd138cb711e328390a2d4bfaca1a41a8575f3c893450bf2ea1b74acdc7be"
  name = "github.com/prometheus/procfs"
  packages = [
    ".",
    "internal/fs",
    "internal/util",
  ]
  pruneopts = "NUT"
  revision = "499c85531f756d1129edd26485a5f73871eeb308"
  version = "v0.0.5"

[[projects]]
  digest = "1:51365c3135ef6d52b4134bfa52005cb4f0cb7740a1ddc5ce46398a2ddf033eef"
  name = "github.com/qri-io/jsonpointer"
  packages = ["."]
  pruneopts = "NUT"
  revision = "43be820608971e680b60469cfc7cc0e2e75fd4ef"
  version = "v0.1.0"

[[projects]]
  digest = "1:7413856103afc3d0d748c26346ff4e82222cd57cc095e28d18194dfc50ac5582"
  name = "github.com/qri-io/jsonschema"
  packages = ["."]
  pruneopts = "NUT"
  revision = "b244d4b99401d163bd9e382fd58698794259d091"
  version = "v0.1.1"

[[projects]]
  digest = "1:e09ada96a5a41deda4748b1659cc8953961799e798aea557257b56baee4ecaf3"
  name = "github.com/rogpeppe/go-internal"
  packages = [
    "modfile",
    "module",
    "semver",
  ]
  pruneopts = "NUT"
  revision = "d89504fbbf2c313df24867a5ffafcc9b847961ff"
  version = "v1.5.0"

[[projects]]
  branch = "master"
  digest = "1:94633b5e99d72403cc38ff783a6d57691ae382f79dee37660fd0aa033b45d10e"
  name = "github.com/russross/blackfriday"
  packages = ["."]
  pruneopts = "NUT"
  revision = "a925a152c144ea7de0f451eaf2f7db9e52fa005a"

[[projects]]
  digest = "1:f4aaa07a6c33f2b354726d0571acbc8ca118837c75709f6353203ae1a3f8eeab"
  name = "github.com/sirupsen/logrus"
  packages = ["."]
  pruneopts = "NUT"
  revision = "839c75faf7f98a33d445d181f3018b5c3409a45e"
  version = "v1.4.2"

[[projects]]
  digest = "1:6792bb72ea0e7112157d02e4e175cd421b43d004a853f56316a19beca6e0c074"
  name = "github.com/spf13/afero"
  packages = [
    ".",
    "mem",
  ]
  pruneopts = "NUT"
  revision = "588a75ec4f32903aa5e39a2619ba6a4631e28424"
  version = "v1.2.2"

[[projects]]
  digest = "1:c5e6b121ef3d2043505edaf4c80e5a008cec2513dc8804795eb0479d1555bcf7"
  name = "github.com/spf13/cast"
  packages = ["."]
  pruneopts = "NUT"
  revision = "8c9545af88b134710ab1cd196795e7f2388358d7"
  version = "v1.3.0"

[[projects]]
  digest = "1:dde6395f5ea838c02f47a8d7789b054c0fa67d5ca08447e8a0e6e823bad2a0a1"
  name = "github.com/spf13/cobra"
  packages = [
    ".",
    "doc",
  ]
  pruneopts = "NUT"
  revision = "f2b07da1e2c38d5f12845a4f607e2e1018cbb1f5"
  version = "v0.0.5"

[[projects]]
  digest = "1:3d72352adb74e79d6d5a43d6f51bfd2d0bd0c9b5f3c00cf5a4b1636d8d3b9d92"
  name = "github.com/spf13/jwalterweatherman"
  packages = ["."]
  pruneopts = "NUT"
  revision = "94f6ae3ed3bceceafa716478c5fbf8d29ca601a1"
  version = "v1.1.0"

[[projects]]
  digest = "1:d115708a27806831d1babbc6f28a7478ddf8e32a7095507c816e2515fb03a810"
  name = "github.com/spf13/pflag"
  packages = ["."]
  pruneopts = "NUT"
  revision = "2e9d26c8c37aae03e3f9d4e90b7116f5accb7cab"
  version = "v1.0.5"

[[projects]]
  digest = "1:bdc698c2f611bd436789ce42565d172a0fc38fd3f692d20cd4b288ed314788e9"
  name = "github.com/spf13/viper"
  packages = ["."]
  pruneopts = "NUT"
  revision = "b5bf975e5823809fb22c7644d008757f78a4259e"
  version = "v1.4.0"

[[projects]]
  digest = "1:7096df4a9258067bb9ff5da62864a645d38dd94cd3f273ff4ab54d0de548a348"
  name = "github.com/stretchr/testify"
  packages = [
    "assert",
    "require",
  ]
  pruneopts = "NUT"
  revision = "221dbe5ed46703ee255b1da0dec05086f5035f62"
  version = "v1.4.0"

[[projects]]
  branch = "master"
  digest = "1:e14e467ed00ab98665623c5060fa17e3d7079be560ffc33cabafd05d35894f05"
  name = "github.com/syndtr/gocapability"
  packages = ["capability"]
  pruneopts = "NUT"
  revision = "d98352740cb2c55f81556b63d4a1ec64c5a319c2"

[[projects]]
  digest = "1:5657d02714d03999f98887942ca12e7d0492676d4485966a5a7819b84887790f"
  name = "github.com/theupdateframework/notary"
  packages = [
    ".",
    "client",
    "client/changelist",
    "cryptoservice",
    "passphrase",
    "storage",
    "trustmanager",
    "trustmanager/yubikey",
    "trustpinning",
    "tuf",
    "tuf/data",
    "tuf/signed",
    "tuf/utils",
    "tuf/validation",
  ]
  pruneopts = "NUT"
  revision = "d6e1431feb32348e0650bf7551ac5cffd01d857b"
  version = "v0.6.1"

[[projects]]
  branch = "master"
  digest = "1:6dadf98a3dd66127f7a6b0314d9dc4301e496aa5e3095b9f630bf3621c50bd13"
  name = "github.com/xeipuuv/gojsonpointer"
  packages = ["."]
  pruneopts = "NUT"
  revision = "02993c407bfbf5f6dae44c4f4b1cf6a39b5fc5bb"

[[projects]]
  branch = "master"
  digest = "1:131db546a264d76defd7a4ce233796316b2ab856991cb4b7d6ced2a3c7294ad3"
  name = "github.com/xeipuuv/gojsonreference"
  packages = ["."]
  pruneopts = "NUT"
  revision = "bd5ef7bd5415a7ac448318e64f11a24cd21e594b"

[[projects]]
  digest = "1:edc620626ec0133d5d5077fead99ccff6a63f435a55fbf53cbb40df98a0a853d"
  name = "github.com/xeipuuv/gojsonschema"
  packages = ["."]
  pruneopts = "NUT"
  revision = "82fcdeb203eb6ab2a67d0a623d9c19e5e5a64927"
  version = "v1.2.0"

[[projects]]
  branch = "master"
  digest = "1:35ce874cf16f78a2da908ab28b0277497e36603d289db00d39da5200bc8ace08"
  name = "golang.org/x/crypto"
  packages = [
    "pbkdf2",
    "ssh/terminal",
  ]
  pruneopts = "NUT"
  revision = "8986dd9e96cf0a6f74da406c005ba3df38527c04"

[[projects]]
  branch = "master"
  digest = "1:7512f6af89283f48b9145355a2e622a62c3a5903f450ec2455909959672b41be"
  name = "golang.org/x/net"
  packages = [
    "context",
    "context/ctxhttp",
    "html",
    "html/atom",
    "html/charset",
    "http/httpguts",
    "http2",
    "http2/hpack",
    "idna",
    "internal/socks",
    "internal/timeseries",
    "proxy",
    "trace",
  ]
  pruneopts = "NUT"
  revision = "fe3aa8a4527195a6057b3fad46619d7d090e99b5"

[[projects]]
  branch = "master"
  digest = "1:1519760444b90c560eb01373869bc66fd539e6fe1bf77af22047c43edc40ab35"
  name = "golang.org/x/oauth2"
  packages = [
    ".",
    "google",
    "internal",
    "jws",
    "jwt",
  ]
  pruneopts = "NUT"
  revision = "0f29369cfe4552d0e4bcddc57cc75f4d7e672a33"

[[projects]]
  branch = "master"
  digest = "1:a2fc247e64b5dafd3251f12d396ec85f163d5bb38763c4997856addddf6e78d8"
  name = "golang.org/x/sync"
  packages = [
    "errgroup",
    "semaphore",
  ]
  pruneopts = "NUT"
  revision = "cd5d95a43a6e21273425c7ae415d3df9ea832eeb"

[[projects]]
  digest = "1:0584f6fe1220fd370706fc125a81c594edb2f315af47722cc786dfce4a4dc6e6"
  name = "golang.org/x/sys"
  packages = [
    "unix",
    "windows",
  ]
  pruneopts = "NUT"
  revision = "f49334f85ddcf0f08d7fb6dd7363e9e6d6b777eb"

[[projects]]
  digest = "1:28deae5fe892797ff37a317b5bcda96d11d1c90dadd89f1337651df3bc4c586e"
  name = "golang.org/x/text"
  packages = [
    "collate",
    "collate/build",
    "encoding",
    "encoding/charmap",
    "encoding/htmlindex",
    "encoding/internal",
    "encoding/internal/identifier",
    "encoding/japanese",
    "encoding/korean",
    "encoding/simplifiedchinese",
    "encoding/traditionalchinese",
    "encoding/unicode",
    "internal/colltab",
    "internal/gen",
    "internal/language",
    "internal/language/compact",
    "internal/tag",
    "internal/triegen",
    "internal/ucd",
    "internal/utf8internal",
    "language",
    "runes",
    "secure/bidirule",
    "transform",
    "unicode/bidi",
    "unicode/cldr",
    "unicode/norm",
    "unicode/rangetable",
  ]
  pruneopts = "NUT"
  revision = "342b2e1fbaa52c93f31447ad2c6abc048c63e475"
  version = "v0.3.2"

[[projects]]
  branch = "master"
  digest = "1:a2f668c709f9078828e99cb1768cb02e876cb81030545046a32b54b2ac2a9ea8"
  name = "golang.org/x/time"
  packages = ["rate"]
  pruneopts = "NUT"
  revision = "555d28b269f0569763d25dbe1a237ae74c6bcc82"

[[projects]]
  digest = "1:c381a96ea5276e8c5e98b2fa4fab83be71a959ff37dc51117555dc5059390c18"
  name = "google.golang.org/appengine"
  packages = [
    ".",
    "internal",
    "internal/app_identity",
    "internal/base",
    "internal/datastore",
    "internal/log",
    "internal/modules",
    "internal/remote_api",
    "internal/urlfetch",
    "urlfetch",
  ]
  pruneopts = "NUT"
  revision = "971852bfffca25b069c31162ae8f247a3dba083b"
  version = "v1.6.5"

[[projects]]
  branch = "master"
  digest = "1:583a0c80f5e3a9343d33aea4aead1e1afcc0043db66fdf961ddd1fe8cd3a4faf"
  name = "google.golang.org/genproto"
  packages = ["googleapis/rpc/status"]
  pruneopts = "NUT"
  revision = "919d9bdd9fe6f1a5dd95ce5d5e4cdb8fd3c516d0"

[[projects]]
  digest = "1:35a2be7619445f1285bfc82fdcb2a328d389e98e6df127d1365d025749d94c4e"
  name = "google.golang.org/grpc"
  packages = [
    ".",
    "balancer",
    "balancer/base",
    "balancer/roundrobin",
    "binarylog/grpc_binarylog_v1",
    "codes",
    "connectivity",
    "credentials",
    "credentials/internal",
    "encoding",
    "encoding/proto",
    "grpclog",
    "health",
    "health/grpc_health_v1",
    "internal",
    "internal/backoff",
    "internal/balancerload",
    "internal/binarylog",
    "internal/channelz",
    "internal/envconfig",
    "internal/grpcrand",
    "internal/grpcsync",
    "internal/syscall",
    "internal/transport",
    "keepalive",
    "metadata",
    "naming",
    "peer",
    "resolver",
    "resolver/dns",
    "resolver/passthrough",
    "serviceconfig",
    "stats",
    "status",
    "tap",
  ]
  pruneopts = "NUT"
  revision = "f6d0f9ee430895e87ef1ceb5ac8f39725bafceef"
  version = "v1.24.0"

[[projects]]
  digest = "1:de19d3688bad66ab5567a2e0a12951a6323a48afca7a7e6582a2b9d3a7456c1c"
  name = "gopkg.in/AlecAivazis/survey.v1"
  packages = [
    ".",
    "core",
    "terminal",
  ]
  pruneopts = "NUT"
  revision = "e4af3b345125b0903edb492a33a99a23e9eb3487"
  version = "v1.8.7"

[[projects]]
  digest = "1:2d1fbdc6777e5408cabeb02bf336305e724b925ff4546ded0fa8715a7267922a"
  name = "gopkg.in/inf.v0"
  packages = ["."]
  pruneopts = "NUT"
  revision = "d2d2541c53f18d2a059457998ce2876cc8e67cbf"
  version = "v0.9.1"

[[projects]]
  digest = "1:accc3bfe4e404aa53ac3621470e7cf9fce1efe48f0fabcfe6d12a72579d9d91f"
  name = "gopkg.in/yaml.v2"
  packages = ["."]
  pruneopts = "NUT"
  revision = "f221b8435cfb71e54062f6c6e99e9ade30b124d5"
  version = "v2.2.4"

[[projects]]
  branch = "master"
  digest = "1:5cd0ebed95e5d12cf8b1e72b2f66e49c378ffb4ce80617efb885ed848d3aad9d"
  name = "k8s.io/api"
  packages = [
    "admissionregistration/v1beta1",
    "apps/v1",
    "apps/v1beta1",
    "apps/v1beta2",
    "auditregistration/v1alpha1",
    "authentication/v1",
    "authentication/v1beta1",
    "authorization/v1",
    "authorization/v1beta1",
    "autoscaling/v1",
    "autoscaling/v2beta1",
    "autoscaling/v2beta2",
    "batch/v1",
    "batch/v1beta1",
    "batch/v2alpha1",
    "certificates/v1beta1",
    "coordination/v1",
    "coordination/v1beta1",
    "core/v1",
    "events/v1beta1",
    "extensions/v1beta1",
    "networking/v1",
    "networking/v1beta1",
    "node/v1alpha1",
    "node/v1beta1",
    "policy/v1beta1",
    "rbac/v1",
    "rbac/v1alpha1",
    "rbac/v1beta1",
    "scheduling/v1",
    "scheduling/v1alpha1",
    "scheduling/v1beta1",
    "settings/v1alpha1",
    "storage/v1",
    "storage/v1alpha1",
    "storage/v1beta1",
  ]
  pruneopts = "NUT"
  revision = "5524a3672fbb1d8e9528811576c859dbedffeed7"

[[projects]]
  branch = "master"
  digest = "1:cd471b06ebce92b4275f8842e14ceb3a1b29b375520cc49527140c38499e30e5"
  name = "k8s.io/apimachinery"
  packages = [
    "pkg/api/errors",
    "pkg/api/meta",
    "pkg/api/resource",
    "pkg/apis/meta/v1",
    "pkg/apis/meta/v1/unstructured",
    "pkg/conversion",
    "pkg/conversion/queryparams",
    "pkg/fields",
    "pkg/labels",
    "pkg/runtime",
    "pkg/runtime/schema",
    "pkg/runtime/serializer",
    "pkg/runtime/serializer/json",
    "pkg/runtime/serializer/protobuf",
    "pkg/runtime/serializer/recognizer",
    "pkg/runtime/serializer/streaming",
    "pkg/runtime/serializer/versioning",
    "pkg/selection",
    "pkg/types",
    "pkg/util/clock",
    "pkg/util/errors",
    "pkg/util/framer",
    "pkg/util/intstr",
    "pkg/util/json",
    "pkg/util/naming",
    "pkg/util/net",
    "pkg/util/runtime",
    "pkg/util/sets",
    "pkg/util/validation",
    "pkg/util/validation/field",
    "pkg/util/wait",
    "pkg/util/yaml",
    "pkg/version",
    "pkg/watch",
    "third_party/forked/golang/reflect",
  ]
  pruneopts = "NUT"
  revision = "af6325b3a843fc0c4c448b1bd770ebab40e9acc4"

[[projects]]
  digest = "1:2e06ba693001284539ca97eb2b23041773df958b5a3a941997c4f0ea5cdcc440"
  name = "k8s.io/client-go"
  packages = [
    "kubernetes/scheme",
    "kubernetes/typed/batch/v1",
    "kubernetes/typed/core/v1",
    "pkg/apis/clientauthentication",
    "pkg/apis/clientauthentication/v1alpha1",
    "pkg/apis/clientauthentication/v1beta1",
    "pkg/version",
    "plugin/pkg/client/auth",
    "plugin/pkg/client/auth/azure",
    "plugin/pkg/client/auth/exec",
    "plugin/pkg/client/auth/gcp",
    "plugin/pkg/client/auth/oidc",
    "plugin/pkg/client/auth/openstack",
    "rest",
    "rest/watch",
    "third_party/forked/golang/template",
    "tools/auth",
    "tools/clientcmd",
    "tools/clientcmd/api",
    "tools/clientcmd/api/latest",
    "tools/clientcmd/api/v1",
    "tools/metrics",
    "tools/reference",
    "transport",
    "util/cert",
    "util/connrotation",
    "util/flowcontrol",
    "util/homedir",
    "util/jsonpath",
    "util/keyutil",
  ]
  pruneopts = "NUT"
  revision = "78d2af792babf2dd937ba2e2a8d99c753a5eda89"
  version = "v12.0.0"

[[projects]]
  digest = "1:c0693cb981f43d82a767a3217b7640a4bdb341731d3814b38602f4e5dc4f01b3"
  name = "k8s.io/klog"
  packages = ["."]
  pruneopts = "NUT"
  revision = "2ca9ad30301bf30a8a6e0fa2110db6b8df699a91"
  version = "v1.0.0"

[[projects]]
  branch = "master"
  digest = "1:8a5e4720aca8a94c876d960a2b86afcaf98e8ded4b5bd7fe42d920806b292c57"
  name = "k8s.io/utils"
  packages = ["integer"]
  pruneopts = "NUT"
  revision = "8d271d903fe4c290aa361acfb242cff7bcee96f1"

[[projects]]
  digest = "1:8730e0150dfb2b7e173890c8b9868e7a273082ef8e39f4940e3506a481cf895c"
  name = "sigs.k8s.io/yaml"
  packages = ["."]
  pruneopts = "NUT"
  revision = "fd68e9863619f6ec2fdd8625fe1f02e7c877e480"
  version = "v1.1.0"

[[projects]]
  branch = "master"
  digest = "1:ccaa5810f7d18dbe4bacc8cfdb5b5060282fd607c78ed92f584d706012fbd40b"
  name = "vbom.ml/util"
  packages = ["sortorder"]
  pruneopts = "NUT"
  revision = "efcd4e0f97874370259c7d93e12aad57911dea81"

[solve-meta]
  analyzer-name = "dep"
  analyzer-version = 1
  input-imports = [
    "github.com/Masterminds/semver",
    "github.com/PaesslerAG/jsonpath",
    "github.com/carolynvs/datetime-printer",
    "github.com/cbroglie/mustache",
    "github.com/containerd/containerd",
    "github.com/containerd/containerd/remotes",
    "github.com/deislabs/cnab-go/action",
    "github.com/deislabs/cnab-go/bundle",
    "github.com/deislabs/cnab-go/bundle/definition",
    "github.com/deislabs/cnab-go/bundle/loader",
    "github.com/deislabs/cnab-go/claim",
    "github.com/deislabs/cnab-go/credentials",
    "github.com/deislabs/cnab-go/driver",
    "github.com/deislabs/cnab-go/driver/command",
    "github.com/deislabs/cnab-go/driver/docker",
    "github.com/deislabs/cnab-go/driver/lookup",
    "github.com/deislabs/cnab-go/imagestore",
    "github.com/deislabs/cnab-go/imagestore/construction",
    "github.com/deislabs/cnab-go/packager",
    "github.com/deislabs/cnab-go/utils/crud",
    "github.com/docker/cli/cli/command",
    "github.com/docker/cli/cli/config",
    "github.com/docker/cli/cli/flags",
    "github.com/docker/cnab-to-oci/relocation",
    "github.com/docker/cnab-to-oci/remotes",
    "github.com/docker/compose-on-kubernetes",
    "github.com/docker/distribution/reference",
    "github.com/docker/docker/api/types",
    "github.com/docker/docker/pkg/archive",
    "github.com/docker/docker/pkg/jsonmessage",
    "github.com/docker/docker/pkg/term",
    "github.com/docker/docker/registry",
    "github.com/docker/go-metrics",
    "github.com/ghodss/yaml",
    "github.com/gobuffalo/packr/v2",
    "github.com/gobuffalo/packr/v2/file/resolver",
    "github.com/google/go-containerregistry/pkg/crane",
    "github.com/hashicorp/go-hclog",
    "github.com/hashicorp/go-multierror",
    "github.com/hashicorp/go-plugin",
    "github.com/mmcdole/gofeed/atom",
    "github.com/olekukonko/tablewriter",
    "github.com/pivotal/image-relocation/pkg/image",
    "github.com/pivotal/image-relocation/pkg/registry",
    "github.com/pivotal/image-relocation/pkg/registry/ggcr",
    "github.com/pkg/errors",
    "github.com/spf13/afero",
    "github.com/spf13/cobra",
    "github.com/spf13/cobra/doc",
    "github.com/spf13/pflag",
    "github.com/spf13/viper",
    "github.com/stretchr/testify/assert",
    "github.com/stretchr/testify/require",
    "github.com/xeipuuv/gojsonschema",
    "gopkg.in/AlecAivazis/survey.v1",
    "gopkg.in/yaml.v2",
    "k8s.io/apimachinery/pkg/version",
    "k8s.io/client-go/pkg/version",
  ]
  solver-name = "gps-cdcl"
  solver-version = 1
