schemaVersion: 1.0.0
name: porter-hello
version: 0.1.0
description: "An example Porter configuration"
registry: jeremyrickard

mixins:
  - exec

parameters:
  - name: command 
    type: string
    default: "echo Hello World"

install:
  - exec:
      description: "Install Hello World"
      command: "${ bundle.parameters.command }"

uninstall:
  - exec:
      description: "Uninstall Hello World"
      command: bash
      flags:
        c: echo Goodbye World